{
  "name": "scratch-desktop",
  "version": "0.1.0",
  "lockfileVersion": 1,
  "requires": true,
  "dependencies": {
    "scratch-gui": {
      "version": "0.1.0-prerelease.20180906152311",
      "resolved": "https://registry.npmjs.org/scratch-gui/-/scratch-gui-0.1.0-prerelease.20180906152311.tgz",
      "integrity": "sha512-itgW6x8YkCktntaVpVtF92WHQ/1sXtrX/lWiuFMnfhZcrsn3tYzCmeHco5pHKTFlgdFvrQYCDb8bJ9aeINobMg==",
      "dev": true
    }
  }
}
